
Microsoft Visual Studio Solution File, Format Version 12.00
# Visual Studio Version 16
VisualStudioVersion = 16.0.29424.173
MinimumVisualStudioVersion = 10.0.40219.1
Project("{9A19103F-16F7-4668-BE54-9A1E7A4F7556}") = "DHTMLX.Scheduler.RecurringEvents", "DHTMLX.Scheduler.RecurringEvents\DHTMLX.Scheduler.RecurringEvents.csproj", "{23B61FAB-6E93-4F9B-935C-C666A89532EF}"
EndProject
Project("{FAE04EC0-301F-11D3-BF4B-00C04F79EFBC}") = "DHTMLX.Scheduler.RecurringEvents.Tests", "DHTMLX.Scheduler.RecurringEvents.Tests\DHTMLX.Scheduler.RecurringEvents.Tests.csproj", "{4E4D6AE6-84EF-482E-A095-5FE0D9D6D2A2}"
EndProject
Project("{2150E333-8FDC-42A3-9474-1A3956D46DE8}") = "Solution Items", "Solution Items", "{F842C646-0AB4-48F7-B5A2-AEA9629B368D}"
	ProjectSection(SolutionItems) = preProject
		README.md = README.md
	EndProjectSection
EndProject
Global
	GlobalSection(SolutionConfigurationPlatforms) = preSolution
		Debug|Any CPU = Debug|Any CPU
		Release|Any CPU = Release|Any CPU
	EndGlobalSection
	GlobalSection(ProjectConfigurationPlatforms) = postSolution
		{23B61FAB-6E93-4F9B-935C-C666A89532EF}.Debug|Any CPU.ActiveCfg = Debug|Any CPU
		{23B61FAB-6E93-4F9B-935C-C666A89532EF}.Debug|Any CPU.Build.0 = Debug|Any CPU
		{23B61FAB-6E93-4F9B-935C-C666A89532EF}.Release|Any CPU.ActiveCfg = Release|Any CPU
		{23B61FAB-6E93-4F9B-935C-C666A89532EF}.Release|Any CPU.Build.0 = Release|Any CPU
		{4E4D6AE6-84EF-482E-A095-5FE0D9D6D2A2}.Debug|Any CPU.ActiveCfg = Debug|Any CPU
		{4E4D6AE6-84EF-482E-A095-5FE0D9D6D2A2}.Debug|Any CPU.Build.0 = Debug|Any CPU
		{4E4D6AE6-84EF-482E-A095-5FE0D9D6D2A2}.Release|Any CPU.ActiveCfg = Release|Any CPU
		{4E4D6AE6-84EF-482E-A095-5FE0D9D6D2A2}.Release|Any CPU.Build.0 = Release|Any CPU
	EndGlobalSection
	GlobalSection(SolutionProperties) = preSolution
		HideSolutionNode = FALSE
	EndGlobalSection
	GlobalSection(ExtensibilityGlobals) = postSolution
		SolutionGuid = {D3E6E093-A216-4A9F-8D6C-37C782CCBBAC}
	EndGlobalSection
EndGlobal
